%{
  "axon": {:git, "https://github.com/arpieb/axon.git", "94aa79b9df93ee12b2f6120c06857e673841c804", [branch: "fix-metrics-epoch-logging"]},
  "elixir_make": {:hex, :elixir_make, "0.6.2", "7dffacd77dec4c37b39af867cedaabb0b59f6a871f89722c25b28fcd4bd70530", [:mix], [], "hexpm", "03e49eadda22526a7e5279d53321d1cced6552f344ba4e03e619063de75348d9"},
  "exla": {:git, "https://github.com/elixir-nx/nx.git", "9693a02c87d8b15b4698dfc19cfbcbd96d118dc5", [sparse: "exla"]},
  "nltex": {:git, "https://github.com/arpieb/nltex.git", "8b6603b6d21b69ba419a69e02d2f025b4eeceb95", [branch: "master"]},
  "nx": {:git, "https://github.com/elixir-nx/nx.git", "9693a02c87d8b15b4698dfc19cfbcbd96d118dc5", [sparse: "nx"]},
  "scidata": {:hex, :scidata, "0.1.2", "beae78d10bda140d11aea57b8fee2bc9e626528b2ab335bc2c486dcf7adf77c7", [:mix], [], "hexpm", "18fbe945228227d6ed6ef9d638e1c9c6c2dca4bc81351d3a37b3b52acd22305e"},
  "table_rex": {:hex, :table_rex, "3.1.1", "0c67164d1714b5e806d5067c1e96ff098ba7ae79413cc075973e17c38a587caa", [:mix], [], "hexpm", "678a23aba4d670419c23c17790f9dcd635a4a89022040df7d5d772cb21012490"},
  "xla": {:hex, :xla, "0.2.0", "689887888afb22587168d461f0e9ff83d7b06040273ea7082dbf9ff7eca33dcc", [:make, :mix], [{:elixir_make, "~> 0.4", [hex: :elixir_make, repo: "hexpm", optional: false]}], "hexpm", "a2e7b81413db49a159eabfb12dbd784a7c04b5c68c7b4057238d5ec9b110f2ec"},
}
